
Microsoft Visual Studio Solution File, Format Version 12.00
# Visual Studio Version 17
VisualStudioVersion = 17.14.36915.13
MinimumVisualStudioVersion = 10.0.40219.1
Project("{FAE04EC0-301F-11D3-BF4B-00C04F79EFBC}") = "Manitas_WPF_Admin", "Manitas_WPF_Admin\Manitas_WPF_Admin.csproj", "{DE8F9F63-431B-4B1E-B787-C592D99DAA94}"
EndProject
Project("{FAE04EC0-301F-11D3-BF4B-00C04F79EFBC}") = "Manitas.Data", "Manitas.Data\Manitas.Data.csproj", "{2E3B1D82-886E-41C4-8985-748430B7EDC1}"
EndProject
Project("{FAE04EC0-301F-11D3-BF4B-00C04F79EFBC}") = "Manitas.Logic", "Manitas.Logic\Manitas.Logic.csproj", "{8F0A2487-8E35-44ED-8B26-25AFB0FEB685}"
EndProject
Global
	GlobalSection(SolutionConfigurationPlatforms) = preSolution
		Debug|Any CPU = Debug|Any CPU
		Release|Any CPU = Release|Any CPU
	EndGlobalSection
	GlobalSection(ProjectConfigurationPlatforms) = postSolution
		{DE8F9F63-431B-4B1E-B787-C592D99DAA94}.Debug|Any CPU.ActiveCfg = Debug|Any CPU
		{DE8F9F63-431B-4B1E-B787-C592D99DAA94}.Debug|Any CPU.Build.0 = Debug|Any CPU
		{DE8F9F63-431B-4B1E-B787-C592D99DAA94}.Release|Any CPU.ActiveCfg = Release|Any CPU
		{DE8F9F63-431B-4B1E-B787-C592D99DAA94}.Release|Any CPU.Build.0 = Release|Any CPU
		{2E3B1D82-886E-41C4-8985-748430B7EDC1}.Debug|Any CPU.ActiveCfg = Debug|Any CPU
		{2E3B1D82-886E-41C4-8985-748430B7EDC1}.Debug|Any CPU.Build.0 = Debug|Any CPU
		{2E3B1D82-886E-41C4-8985-748430B7EDC1}.Release|Any CPU.ActiveCfg = Release|Any CPU
		{2E3B1D82-886E-41C4-8985-748430B7EDC1}.Release|Any CPU.Build.0 = Release|Any CPU
		{8F0A2487-8E35-44ED-8B26-25AFB0FEB685}.Debug|Any CPU.ActiveCfg = Debug|Any CPU
		{8F0A2487-8E35-44ED-8B26-25AFB0FEB685}.Debug|Any CPU.Build.0 = Debug|Any CPU
		{8F0A2487-8E35-44ED-8B26-25AFB0FEB685}.Release|Any CPU.ActiveCfg = Release|Any CPU
		{8F0A2487-8E35-44ED-8B26-25AFB0FEB685}.Release|Any CPU.Build.0 = Release|Any CPU
	EndGlobalSection
	GlobalSection(SolutionProperties) = preSolution
		HideSolutionNode = FALSE
	EndGlobalSection
	GlobalSection(ExtensibilityGlobals) = postSolution
		SolutionGuid = {43295C08-6681-487C-974B-BD3FB05B49D6}
	EndGlobalSection
EndGlobal
